
Microsoft Visual Studio Solution File, Format Version 12.00
# Visual Studio Version 17
VisualStudioVersion = 17.4.33103.184
MinimumVisualStudioVersion = 10.0.40219.1
Project("{9A19103F-16F7-4668-BE54-9A1E7A4F7556}") = "NerveEngineHub", "NerveEngine\NerveEngineHub.csproj", "{A9298BAB-2832-4F09-9863-2DF11F57481E}"
EndProject
Global
	GlobalSection(SolutionConfigurationPlatforms) = preSolution
		Debug|Any CPU = Debug|Any CPU
		Release|Any CPU = Release|Any CPU
	EndGlobalSection
	GlobalSection(ProjectConfigurationPlatforms) = postSolution
		{A9298BAB-2832-4F09-9863-2DF11F57481E}.Debug|Any CPU.ActiveCfg = Debug|Any CPU
		{A9298BAB-2832-4F09-9863-2DF11F57481E}.Debug|Any CPU.Build.0 = Debug|Any CPU
		{A9298BAB-2832-4F09-9863-2DF11F57481E}.Release|Any CPU.ActiveCfg = Release|Any CPU
		{A9298BAB-2832-4F09-9863-2DF11F57481E}.Release|Any CPU.Build.0 = Release|Any CPU
	EndGlobalSection
	GlobalSection(SolutionProperties) = preSolution
		HideSolutionNode = FALSE
	EndGlobalSection
	GlobalSection(ExtensibilityGlobals) = postSolution
		SolutionGuid = {C7DD3CCB-179C-4C15-84DD-CC355A7B2FF6}
	EndGlobalSection
EndGlobal
